Microsoft Visual Studio Solution File, Format Version 12.00
# Visual Studio Version 18
VisualStudioVersion = 18.2.11408.102
MinimumVisualStudioVersion = 10.0.40219.1
Project("{FAE04EC0-301F-11D3-BF4B-00C04F79EFBC}") = "Valuator", "Valuator\Valuator.csproj", "{BB3B7AF3-09CB-8246-6EE6-CF385AAB4AA1}"
EndProject
Project("{FAE04EC0-301F-11D3-BF4B-00C04F79EFBC}") = "RankCalculator", "RankCalculator\RankCalculator.csproj", "{A9EDF1D8-D37A-3446-1179-9798176C6468}"
EndProject
Project("{FAE04EC0-301F-11D3-BF4B-00C04F79EFBC}") = "EventsLogger", "EventsLogger\EventsLogger.csproj", "{7B0217F0-4D4B-4F54-A1AD-C8488790546F}"
EndProject
Global
	GlobalSection(SolutionConfigurationPlatforms) = preSolution
		Debug|Any CPU = Debug|Any CPU
		Release|Any CPU = Release|Any CPU
	EndGlobalSection
	GlobalSection(ProjectConfigurationPlatforms) = postSolution
		{BB3B7AF3-09CB-8246-6EE6-CF385AAB4AA1}.Debug|Any CPU.ActiveCfg = Debug|Any CPU
		{BB3B7AF3-09CB-8246-6EE6-CF385AAB4AA1}.Debug|Any CPU.Build.0 = Debug|Any CPU
		{BB3B7AF3-09CB-8246-6EE6-CF385AAB4AA1}.Release|Any CPU.ActiveCfg = Release|Any CPU
		{BB3B7AF3-09CB-8246-6EE6-CF385AAB4AA1}.Release|Any CPU.Build.0 = Release|Any CPU
		{A9EDF1D8-D37A-3446-1179-9798176C6468}.Debug|Any CPU.ActiveCfg = Debug|Any CPU
		{A9EDF1D8-D37A-3446-1179-9798176C6468}.Debug|Any CPU.Build.0 = Debug|Any CPU
		{A9EDF1D8-D37A-3446-1179-9798176C6468}.Release|Any CPU.ActiveCfg = Release|Any CPU
		{A9EDF1D8-D37A-3446-1179-9798176C6468}.Release|Any CPU.Build.0 = Release|Any CPU
		{7B0217F0-4D4B-4F54-A1AD-C8488790546F}.Debug|Any CPU.ActiveCfg = Debug|Any CPU
		{7B0217F0-4D4B-4F54-A1AD-C8488790546F}.Debug|Any CPU.Build.0 = Debug|Any CPU
		{7B0217F0-4D4B-4F54-A1AD-C8488790546F}.Release|Any CPU.ActiveCfg = Release|Any CPU
		{7B0217F0-4D4B-4F54-A1AD-C8488790546F}.Release|Any CPU.Build.0 = Release|Any CPU
	EndGlobalSection
	GlobalSection(SolutionProperties) = preSolution
		HideSolutionNode = FALSE
	EndGlobalSection
	GlobalSection(ExtensibilityGlobals) = postSolution
		SolutionGuid = {4E720F55-C9D3-44BC-AFC1-5F0DEFF3FB93}
	EndGlobalSection
EndGlobal
